
Microsoft Visual Studio Solution File, Format Version 12.00
# Visual Studio 2013
VisualStudioVersion = 12.0.21005.1
MinimumVisualStudioVersion = 10.0.40219.1
Project("{FAE04EC0-301F-11D3-BF4B-00C04F79EFBC}") = "VSPackage1", "VSPackage1\VSPackage1.csproj", "{55FBC2A4-80BE-458D-AE9A-F7DEE520BC3F}"
EndProject
Project("{FAE04EC0-301F-11D3-BF4B-00C04F79EFBC}") = "VSPackage1_IntegrationTests", "VSPackage1\VSPackage1_IntegrationTests\VSPackage1_IntegrationTests.csproj", "{98D9A84E-2370-489C-9FF7-F09C4B6294B8}"
EndProject
Project("{2150E333-8FDC-42A3-9474-1A3956D46DE8}") = "Solution Items", "Solution Items", "{84329A16-F685-432F-AE6F-E211BCF5293A}"
	ProjectSection(SolutionItems) = preProject
		IntegrationTests.testsettings = IntegrationTests.testsettings
		UnitTests.testsettings = UnitTests.testsettings
	EndProjectSection
EndProject
Project("{FAE04EC0-301F-11D3-BF4B-00C04F79EFBC}") = "VSPackage1_UnitTests", "VSPackage1\VSPackage1_UnitTests\VSPackage1_UnitTests.csproj", "{09072D3C-7552-4CB7-9A06-005279BF7699}"
EndProject
Global
	GlobalSection(SolutionConfigurationPlatforms) = preSolution
		Debug|Any CPU = Debug|Any CPU
		Release|Any CPU = Release|Any CPU
	EndGlobalSection
	GlobalSection(ProjectConfigurationPlatforms) = postSolution
		{55FBC2A4-80BE-458D-AE9A-F7DEE520BC3F}.Debug|Any CPU.ActiveCfg = Debug|Any CPU
		{55FBC2A4-80BE-458D-AE9A-F7DEE520BC3F}.Debug|Any CPU.Build.0 = Debug|Any CPU
		{55FBC2A4-80BE-458D-AE9A-F7DEE520BC3F}.Release|Any CPU.ActiveCfg = Release|Any CPU
		{55FBC2A4-80BE-458D-AE9A-F7DEE520BC3F}.Release|Any CPU.Build.0 = Release|Any CPU
		{98D9A84E-2370-489C-9FF7-F09C4B6294B8}.Debug|Any CPU.ActiveCfg = Debug|Any CPU
		{98D9A84E-2370-489C-9FF7-F09C4B6294B8}.Debug|Any CPU.Build.0 = Debug|Any CPU
		{98D9A84E-2370-489C-9FF7-F09C4B6294B8}.Release|Any CPU.ActiveCfg = Release|Any CPU
		{98D9A84E-2370-489C-9FF7-F09C4B6294B8}.Release|Any CPU.Build.0 = Release|Any CPU
		{09072D3C-7552-4CB7-9A06-005279BF7699}.Debug|Any CPU.ActiveCfg = Debug|Any CPU
		{09072D3C-7552-4CB7-9A06-005279BF7699}.Debug|Any CPU.Build.0 = Debug|Any CPU
		{09072D3C-7552-4CB7-9A06-005279BF7699}.Release|Any CPU.ActiveCfg = Release|Any CPU
		{09072D3C-7552-4CB7-9A06-005279BF7699}.Release|Any CPU.Build.0 = Release|Any CPU
	EndGlobalSection
	GlobalSection(SolutionProperties) = preSolution
		HideSolutionNode = FALSE
	EndGlobalSection
EndGlobal
